
Microsoft Visual Studio Solution File, Format Version 12.00
# Visual Studio Version 16
VisualStudioVersion = 16.0.31515.178
MinimumVisualStudioVersion = 10.0.40219.1
Project("{FAE04EC0-301F-11D3-BF4B-00C04F79EFBC}") = "Şifreleme", "Şifreleme\Şifreleme.csproj", "{ECC80008-2C5F-4384-B7B6-3F091F32B69B}"
EndProject
Global
	GlobalSection(SolutionConfigurationPlatforms) = preSolution
		Debug|Any CPU = Debug|Any CPU
		Release|Any CPU = Release|Any CPU
	EndGlobalSection
	GlobalSection(ProjectConfigurationPlatforms) = postSolution
		{ECC80008-2C5F-4384-B7B6-3F091F32B69B}.Debug|Any CPU.ActiveCfg = Debug|Any CPU
		{ECC80008-2C5F-4384-B7B6-3F091F32B69B}.Debug|Any CPU.Build.0 = Debug|Any CPU
		{ECC80008-2C5F-4384-B7B6-3F091F32B69B}.Release|Any CPU.ActiveCfg = Release|Any CPU
		{ECC80008-2C5F-4384-B7B6-3F091F32B69B}.Release|Any CPU.Build.0 = Release|Any CPU
	EndGlobalSection
	GlobalSection(SolutionProperties) = preSolution
		HideSolutionNode = FALSE
	EndGlobalSection
	GlobalSection(ExtensibilityGlobals) = postSolution
		SolutionGuid = {4900E325-1355-43D8-B282-ADE5A701B26E}
	EndGlobalSection
EndGlobal
